Microsoft Visual Studio Solution File, Format Version 11.00
# Visual Studio 2008

Project("{567A31E1-2051-9477-B2B3-23FF8D0627B2}") = "ShafferLab5", "Assembly-CSharp.csproj", "{0F4279C6-227A-9DB1-2E20-0DA58EA8DB31}"
EndProject
Global
	GlobalSection(SolutionConfigurationPlatforms) = preSolution
		Debug|Any CPU = Debug|Any CPU
		Release|Any CPU = Release|Any CPU
	EndGlobalSection
	GlobalSection(ProjectConfigurationPlatforms) = postSolution
		{0F4279C6-227A-9DB1-2E20-0DA58EA8DB31}.Debug|Any CPU.ActiveCfg = Debug|Any CPU
		{0F4279C6-227A-9DB1-2E20-0DA58EA8DB31}.Debug|Any CPU.Build.0 = Debug|Any CPU
		{0F4279C6-227A-9DB1-2E20-0DA58EA8DB31}.Release|Any CPU.ActiveCfg = Release|Any CPU
		{0F4279C6-227A-9DB1-2E20-0DA58EA8DB31}.Release|Any CPU.Build.0 = Release|Any CPU
	EndGlobalSection
	GlobalSection(SolutionProperties) = preSolution
		HideSolutionNode = FALSE
	EndGlobalSection
	GlobalSection(MonoDevelopProperties) = preSolution
		StartupItem = Assembly-CSharp.csproj
	EndGlobalSection
EndGlobal
